
Microsoft Visual Studio Solution File, Format Version 12.00
# Visual Studio Version 17
VisualStudioVersion = 17.4.33110.190
MinimumVisualStudioVersion = 10.0.40219.1
Project("{FAE04EC0-301F-11D3-BF4B-00C04F79EFBC}") = "SeaBattle", "SeaBattle\SeaBattle.csproj", "{5F13DED4-C849-4DAB-A84B-8037FE8A2DF3}"
EndProject
Global
	GlobalSection(SolutionConfigurationPlatforms) = preSolution
		Debug|Any CPU = Debug|Any CPU
		Release|Any CPU = Release|Any CPU
	EndGlobalSection
	GlobalSection(ProjectConfigurationPlatforms) = postSolution
		{5F13DED4-C849-4DAB-A84B-8037FE8A2DF3}.Debug|Any CPU.ActiveCfg = Debug|Any CPU
		{5F13DED4-C849-4DAB-A84B-8037FE8A2DF3}.Debug|Any CPU.Build.0 = Debug|Any CPU
		{5F13DED4-C849-4DAB-A84B-8037FE8A2DF3}.Release|Any CPU.ActiveCfg = Release|Any CPU
		{5F13DED4-C849-4DAB-A84B-8037FE8A2DF3}.Release|Any CPU.Build.0 = Release|Any CPU
	EndGlobalSection
	GlobalSection(SolutionProperties) = preSolution
		HideSolutionNode = FALSE
	EndGlobalSection
	GlobalSection(ExtensibilityGlobals) = postSolution
		SolutionGuid = {2ECCDF8E-E36F-4C0A-BA3C-5EF140F696E6}
	EndGlobalSection
EndGlobal
